
Microsoft Visual Studio Solution File, Format Version 12.00
# Visual Studio 15
VisualStudioVersion = 15.0.28307.572
MinimumVisualStudioVersion = 10.0.40219.1
Project("{FAE04EC0-301F-11D3-BF4B-00C04F79EFBC}") = "TitouisListing.Android", "TitouisListing\TitouisListing.Android\TitouisListing.Android.csproj", "{24CE3C36-16B9-426D-AA0C-5961ECF8D88C}"
EndProject
Project("{FAE04EC0-301F-11D3-BF4B-00C04F79EFBC}") = "TitouisListing.iOS", "TitouisListing\TitouisListing.iOS\TitouisListing.iOS.csproj", "{EE9ED516-F96D-4F9E-ADE9-9E995C8954E4}"
EndProject
Project("{FAE04EC0-301F-11D3-BF4B-00C04F79EFBC}") = "TitouisListing.UWP", "TitouisListing\TitouisListing.UWP\TitouisListing.UWP.csproj", "{D4821B9A-B90E-4AE6-ABBE-D4CB1894C492}"
EndProject
Project("{FAE04EC0-301F-11D3-BF4B-00C04F79EFBC}") = "TitouisListing", "TitouisListing\TitouisListing\TitouisListing.csproj", "{F9A23312-63DA-4E0C-9519-48D56984AB6B}"
EndProject
Global
	GlobalSection(SolutionConfigurationPlatforms) = preSolution
		Debug|Any CPU = Debug|Any CPU
		Debug|ARM = Debug|ARM
		Debug|iPhone = Debug|iPhone
		Debug|iPhoneSimulator = Debug|iPhoneSimulator
		Debug|x64 = Debug|x64
		Debug|x86 = Debug|x86
		Release|Any CPU = Release|Any CPU
		Release|ARM = Release|ARM
		Release|iPhone = Release|iPhone
		Release|iPhoneSimulator = Release|iPhoneSimulator
		Release|x64 = Release|x64
		Release|x86 = Release|x86
	EndGlobalSection
	GlobalSection(ProjectConfigurationPlatforms) = postSolution
		{24CE3C36-16B9-426D-AA0C-5961ECF8D88C}.Debug|Any CPU.ActiveCfg = Debug|Any CPU
		{24CE3C36-16B9-426D-AA0C-5961ECF8D88C}.Debug|Any CPU.Build.0 = Debug|Any CPU
		{24CE3C36-16B9-426D-AA0C-5961ECF8D88C}.Debug|Any CPU.Deploy.0 = Debug|Any CPU
		{24CE3C36-16B9-426D-AA0C-5961ECF8D88C}.Debug|ARM.ActiveCfg = Debug|Any CPU
		{24CE3C36-16B9-426D-AA0C-5961ECF8D88C}.Debug|ARM.Build.0 = Debug|Any CPU
		{24CE3C36-16B9-426D-AA0C-5961ECF8D88C}.Debug|ARM.Deploy.0 = Debug|Any CPU
		{24CE3C36-16B9-426D-AA0C-5961ECF8D88C}.Debug|iPhone.ActiveCfg = Debug|Any CPU
		{24CE3C36-16B9-426D-AA0C-5961ECF8D88C}.Debug|iPhone.Build.0 = Debug|Any CPU
		{24CE3C36-16B9-426D-AA0C-5961ECF8D88C}.Debug|iPhone.Deploy.0 = Debug|Any CPU
		{24CE3C36-16B9-426D-AA0C-5961ECF8D88C}.Debug|iPhoneSimulator.ActiveCfg = Debug|Any CPU
		{24CE3C36-16B9-426D-AA0C-5961ECF8D88C}.Debug|iPhoneSimulator.Build.0 = Debug|Any CPU
		{24CE3C36-16B9-426D-AA0C-5961ECF8D88C}.Debug|iPhoneSimulator.Deploy.0 = Debug|Any CPU
		{24CE3C36-16B9-426D-AA0C-5961ECF8D88C}.Debug|x64.ActiveCfg = Debug|Any CPU
		{24CE3C36-16B9-426D-AA0C-5961ECF8D88C}.Debug|x64.Build.0 = Debug|Any CPU
		{24CE3C36-16B9-426D-AA0C-5961ECF8D88C}.Debug|x64.Deploy.0 = Debug|Any CPU
		{24CE3C36-16B9-426D-AA0C-5961ECF8D88C}.Debug|x86.ActiveCfg = Debug|Any CPU
		{24CE3C36-16B9-426D-AA0C-5961ECF8D88C}.Debug|x86.Build.0 = Debug|Any CPU
		{24CE3C36-16B9-426D-AA0C-5961ECF8D88C}.Debug|x86.Deploy.0 = Debug|Any CPU
		{24CE3C36-16B9-426D-AA0C-5961ECF8D88C}.Release|Any CPU.ActiveCfg = Release|Any CPU
		{24CE3C36-16B9-426D-AA0C-5961ECF8D88C}.Release|Any CPU.Build.0 = Release|Any CPU
		{24CE3C36-16B9-426D-AA0C-5961ECF8D88C}.Release|Any CPU.Deploy.0 = Release|Any CPU
		{24CE3C36-16B9-426D-AA0C-5961ECF8D88C}.Release|ARM.ActiveCfg = Release|Any CPU
		{24CE3C36-16B9-426D-AA0C-5961ECF8D88C}.Release|ARM.Build.0 = Release|Any CPU
		{24CE3C36-16B9-426D-AA0C-5961ECF8D88C}.Release|ARM.Deploy.0 = Release|Any CPU
		{24CE3C36-16B9-426D-AA0C-5961ECF8D88C}.Release|iPhone.ActiveCfg = Release|Any CPU
		{24CE3C36-16B9-426D-AA0C-5961ECF8D88C}.Release|iPhone.Build.0 = Release|Any CPU
		{24CE3C36-16B9-426D-AA0C-5961ECF8D88C}.Release|iPhone.Deploy.0 = Release|Any CPU
		{24CE3C36-16B9-426D-AA0C-5961ECF8D88C}.Release|iPhoneSimulator.ActiveCfg = Release|Any CPU
		{24CE3C36-16B9-426D-AA0C-5961ECF8D88C}.Release|iPhoneSimulator.Build.0 = Release|Any CPU
		{24CE3C36-16B9-426D-AA0C-5961ECF8D88C}.Release|iPhoneSimulator.Deploy.0 = Release|Any CPU
		{24CE3C36-16B9-426D-AA0C-5961ECF8D88C}.Release|x64.ActiveCfg = Release|Any CPU
		{24CE3C36-16B9-426D-AA0C-5961ECF8D88C}.Release|x64.Build.0 = Release|Any CPU
		{24CE3C36-16B9-426D-AA0C-5961ECF8D88C}.Release|x64.Deploy.0 = Release|Any CPU
		{24CE3C36-16B9-426D-AA0C-5961ECF8D88C}.Release|x86.ActiveCfg = Release|Any CPU
		{24CE3C36-16B9-426D-AA0C-5961ECF8D88C}.Release|x86.Build.0 = Release|Any CPU
		{24CE3C36-16B9-426D-AA0C-5961ECF8D88C}.Release|x86.Deploy.0 = Release|Any CPU
		{EE9ED516-F96D-4F9E-ADE9-9E995C8954E4}.Debug|Any CPU.ActiveCfg = Debug|iPhoneSimulator
		{EE9ED516-F96D-4F9E-ADE9-9E995C8954E4}.Debug|Any CPU.Build.0 = Debug|iPhoneSimulator
		{EE9ED516-F96D-4F9E-ADE9-9E995C8954E4}.Debug|Any CPU.Deploy.0 = Debug|iPhoneSimulator
		{EE9ED516-F96D-4F9E-ADE9-9E995C8954E4}.Debug|ARM.ActiveCfg = Debug|iPhone
		{EE9ED516-F96D-4F9E-ADE9-9E995C8954E4}.Debug|ARM.Build.0 = Debug|iPhone
		{EE9ED516-F96D-4F9E-ADE9-9E995C8954E4}.Debug|ARM.Deploy.0 = Debug|iPhone
		{EE9ED516-F96D-4F9E-ADE9-9E995C8954E4}.Debug|iPhone.ActiveCfg = Debug|iPhone
		{EE9ED516-F96D-4F9E-ADE9-9E995C8954E4}.Debug|iPhone.Build.0 = Debug|iPhone
		{EE9ED516-F96D-4F9E-ADE9-9E995C8954E4}.Debug|iPhone.Deploy.0 = Debug|iPhone
		{EE9ED516-F96D-4F9E-ADE9-9E995C8954E4}.Debug|iPhoneSimulator.ActiveCfg = Debug|iPhoneSimulator
		{EE9ED516-F96D-4F9E-ADE9-9E995C8954E4}.Debug|iPhoneSimulator.Build.0 = Debug|iPhoneSimulator
		{EE9ED516-F96D-4F9E-ADE9-9E995C8954E4}.Debug|iPhoneSimulator.Deploy.0 = Debug|iPhoneSimulator
		{EE9ED516-F96D-4F9E-ADE9-9E995C8954E4}.Debug|x64.ActiveCfg = Debug|iPhone
		{EE9ED516-F96D-4F9E-ADE9-9E995C8954E4}.Debug|x64.Build.0 = Debug|iPhone
		{EE9ED516-F96D-4F9E-ADE9-9E995C8954E4}.Debug|x64.Deploy.0 = Debug|iPhone
		{EE9ED516-F96D-4F9E-ADE9-9E995C8954E4}.Debug|x86.ActiveCfg = Debug|iPhone
		{EE9ED516-F96D-4F9E-ADE9-9E995C8954E4}.Debug|x86.Build.0 = Debug|iPhone
		{EE9ED516-F96D-4F9E-ADE9-9E995C8954E4}.Debug|x86.Deploy.0 = Debug|iPhone
		{EE9ED516-F96D-4F9E-ADE9-9E995C8954E4}.Release|Any CPU.ActiveCfg = Release|iPhone
		{EE9ED516-F96D-4F9E-ADE9-9E995C8954E4}.Release|Any CPU.Build.0 = Release|iPhone
		{EE9ED516-F96D-4F9E-ADE9-9E995C8954E4}.Release|Any CPU.Deploy.0 = Release|iPhone
		{EE9ED516-F96D-4F9E-ADE9-9E995C8954E4}.Release|ARM.ActiveCfg = Release|iPhone
		{EE9ED516-F96D-4F9E-ADE9-9E995C8954E4}.Release|ARM.Build.0 = Release|iPhone
		{EE9ED516-F96D-4F9E-ADE9-9E995C8954E4}.Release|ARM.Deploy.0 = Release|iPhone
		{EE9ED516-F96D-4F9E-ADE9-9E995C8954E4}.Release|iPhone.ActiveCfg = Release|iPhone
		{EE9ED516-F96D-4F9E-ADE9-9E995C8954E4}.Release|iPhone.Build.0 = Release|iPhone
		{EE9ED516-F96D-4F9E-ADE9-9E995C8954E4}.Release|iPhone.Deploy.0 = Release|iPhone
		{EE9ED516-F96D-4F9E-ADE9-9E995C8954E4}.Release|iPhoneSimulator.ActiveCfg = Release|iPhoneSimulator
		{EE9ED516-F96D-4F9E-ADE9-9E995C8954E4}.Release|iPhoneSimulator.Build.0 = Release|iPhoneSimulator
		{EE9ED516-F96D-4F9E-ADE9-9E995C8954E4}.Release|iPhoneSimulator.Deploy.0 = Release|iPhoneSimulator
		{EE9ED516-F96D-4F9E-ADE9-9E995C8954E4}.Release|x64.ActiveCfg = Release|iPhone
		{EE9ED516-F96D-4F9E-ADE9-9E995C8954E4}.Release|x64.Build.0 = Release|iPhone
		{EE9ED516-F96D-4F9E-ADE9-9E995C8954E4}.Release|x64.Deploy.0 = Release|iPhone
		{EE9ED516-F96D-4F9E-ADE9-9E995C8954E4}.Release|x86.ActiveCfg = Release|iPhone
		{EE9ED516-F96D-4F9E-ADE9-9E995C8954E4}.Release|x86.Build.0 = Release|iPhone
		{EE9ED516-F96D-4F9E-ADE9-9E995C8954E4}.Release|x86.Deploy.0 = Release|iPhone
		{D4821B9A-B90E-4AE6-ABBE-D4CB1894C492}.Debug|Any CPU.ActiveCfg = Debug|x86
		{D4821B9A-B90E-4AE6-ABBE-D4CB1894C492}.Debug|Any CPU.Build.0 = Debug|x86
		{D4821B9A-B90E-4AE6-ABBE-D4CB1894C492}.Debug|Any CPU.Deploy.0 = Debug|x86
		{D4821B9A-B90E-4AE6-ABBE-D4CB1894C492}.Debug|ARM.ActiveCfg = Debug|ARM
		{D4821B9A-B90E-4AE6-ABBE-D4CB1894C492}.Debug|ARM.Build.0 = Debug|ARM
		{D4821B9A-B90E-4AE6-ABBE-D4CB1894C492}.Debug|ARM.Deploy.0 = Debug|ARM
		{D4821B9A-B90E-4AE6-ABBE-D4CB1894C492}.Debug|iPhone.ActiveCfg = Debug|x86
		{D4821B9A-B90E-4AE6-ABBE-D4CB1894C492}.Debug|iPhone.Build.0 = Debug|x86
		{D4821B9A-B90E-4AE6-ABBE-D4CB1894C492}.Debug|iPhone.Deploy.0 = Debug|x86
		{D4821B9A-B90E-4AE6-ABBE-D4CB1894C492}.Debug|iPhoneSimulator.ActiveCfg = Debug|x86
		{D4821B9A-B90E-4AE6-ABBE-D4CB1894C492}.Debug|iPhoneSimulator.Build.0 = Debug|x86
		{D4821B9A-B90E-4AE6-ABBE-D4CB1894C492}.Debug|iPhoneSimulator.Deploy.0 = Debug|x86
		{D4821B9A-B90E-4AE6-ABBE-D4CB1894C492}.Debug|x64.ActiveCfg = Debug|x64
		{D4821B9A-B90E-4AE6-ABBE-D4CB1894C492}.Debug|x64.Build.0 = Debug|x64
		{D4821B9A-B90E-4AE6-ABBE-D4CB1894C492}.Debug|x64.Deploy.0 = Debug|x64
		{D4821B9A-B90E-4AE6-ABBE-D4CB1894C492}.Debug|x86.ActiveCfg = Debug|x86
		{D4821B9A-B90E-4AE6-ABBE-D4CB1894C492}.Debug|x86.Build.0 = Debug|x86
		{D4821B9A-B90E-4AE6-ABBE-D4CB1894C492}.Debug|x86.Deploy.0 = Debug|x86
		{D4821B9A-B90E-4AE6-ABBE-D4CB1894C492}.Release|Any CPU.ActiveCfg = Release|x86
		{D4821B9A-B90E-4AE6-ABBE-D4CB1894C492}.Release|Any CPU.Build.0 = Release|x86
		{D4821B9A-B90E-4AE6-ABBE-D4CB1894C492}.Release|Any CPU.Deploy.0 = Release|x86
		{D4821B9A-B90E-4AE6-ABBE-D4CB1894C492}.Release|ARM.ActiveCfg = Release|ARM
		{D4821B9A-B90E-4AE6-ABBE-D4CB1894C492}.Release|ARM.Build.0 = Release|ARM
		{D4821B9A-B90E-4AE6-ABBE-D4CB1894C492}.Release|ARM.Deploy.0 = Release|ARM
		{D4821B9A-B90E-4AE6-ABBE-D4CB1894C492}.Release|iPhone.ActiveCfg = Release|x86
		{D4821B9A-B90E-4AE6-ABBE-D4CB1894C492}.Release|iPhone.Build.0 = Release|x86
		{D4821B9A-B90E-4AE6-ABBE-D4CB1894C492}.Release|iPhone.Deploy.0 = Release|x86
		{D4821B9A-B90E-4AE6-ABBE-D4CB1894C492}.Release|iPhoneSimulator.ActiveCfg = Release|x86
		{D4821B9A-B90E-4AE6-ABBE-D4CB1894C492}.Release|iPhoneSimulator.Build.0 = Release|x86
		{D4821B9A-B90E-4AE6-ABBE-D4CB1894C492}.Release|iPhoneSimulator.Deploy.0 = Release|x86
		{D4821B9A-B90E-4AE6-ABBE-D4CB1894C492}.Release|x64.ActiveCfg = Release|x64
		{D4821B9A-B90E-4AE6-ABBE-D4CB1894C492}.Release|x64.Build.0 = Release|x64
		{D4821B9A-B90E-4AE6-ABBE-D4CB1894C492}.Release|x64.Deploy.0 = Release|x64
		{D4821B9A-B90E-4AE6-ABBE-D4CB1894C492}.Release|x86.ActiveCfg = Release|x86
		{D4821B9A-B90E-4AE6-ABBE-D4CB1894C492}.Release|x86.Build.0 = Release|x86
		{D4821B9A-B90E-4AE6-ABBE-D4CB1894C492}.Release|x86.Deploy.0 = Release|x86
		{F9A23312-63DA-4E0C-9519-48D56984AB6B}.Debug|Any CPU.ActiveCfg = Debug|Any CPU
		{F9A23312-63DA-4E0C-9519-48D56984AB6B}.Debug|Any CPU.Build.0 = Debug|Any CPU
		{F9A23312-63DA-4E0C-9519-48D56984AB6B}.Debug|Any CPU.Deploy.0 = Debug|Any CPU
		{F9A23312-63DA-4E0C-9519-48D56984AB6B}.Debug|ARM.ActiveCfg = Debug|Any CPU
		{F9A23312-63DA-4E0C-9519-48D56984AB6B}.Debug|ARM.Build.0 = Debug|Any CPU
		{F9A23312-63DA-4E0C-9519-48D56984AB6B}.Debug|ARM.Deploy.0 = Debug|Any CPU
		{F9A23312-63DA-4E0C-9519-48D56984AB6B}.Debug|iPhone.ActiveCfg = Debug|Any CPU
		{F9A23312-63DA-4E0C-9519-48D56984AB6B}.Debug|iPhone.Build.0 = Debug|Any CPU
		{F9A23312-63DA-4E0C-9519-48D56984AB6B}.Debug|iPhone.Deploy.0 = Debug|Any CPU
		{F9A23312-63DA-4E0C-9519-48D56984AB6B}.Debug|iPhoneSimulator.ActiveCfg = Debug|Any CPU
		{F9A23312-63DA-4E0C-9519-48D56984AB6B}.Debug|iPhoneSimulator.Build.0 = Debug|Any CPU
		{F9A23312-63DA-4E0C-9519-48D56984AB6B}.Debug|iPhoneSimulator.Deploy.0 = Debug|Any CPU
		{F9A23312-63DA-4E0C-9519-48D56984AB6B}.Debug|x64.ActiveCfg = Debug|Any CPU
		{F9A23312-63DA-4E0C-9519-48D56984AB6B}.Debug|x64.Build.0 = Debug|Any CPU
		{F9A23312-63DA-4E0C-9519-48D56984AB6B}.Debug|x64.Deploy.0 = Debug|Any CPU
		{F9A23312-63DA-4E0C-9519-48D56984AB6B}.Debug|x86.ActiveCfg = Debug|Any CPU
		{F9A23312-63DA-4E0C-9519-48D56984AB6B}.Debug|x86.Build.0 = Debug|Any CPU
		{F9A23312-63DA-4E0C-9519-48D56984AB6B}.Debug|x86.Deploy.0 = Debug|Any CPU
		{F9A23312-63DA-4E0C-9519-48D56984AB6B}.Release|Any CPU.ActiveCfg = Release|Any CPU
		{F9A23312-63DA-4E0C-9519-48D56984AB6B}.Release|Any CPU.Build.0 = Release|Any CPU
		{F9A23312-63DA-4E0C-9519-48D56984AB6B}.Release|Any CPU.Deploy.0 = Release|Any CPU
		{F9A23312-63DA-4E0C-9519-48D56984AB6B}.Release|ARM.ActiveCfg = Release|Any CPU
		{F9A23312-63DA-4E0C-9519-48D56984AB6B}.Release|ARM.Build.0 = Release|Any CPU
		{F9A23312-63DA-4E0C-9519-48D56984AB6B}.Release|ARM.Deploy.0 = Release|Any CPU
		{F9A23312-63DA-4E0C-9519-48D56984AB6B}.Release|iPhone.ActiveCfg = Release|Any CPU
		{F9A23312-63DA-4E0C-9519-48D56984AB6B}.Release|iPhone.Build.0 = Release|Any CPU
		{F9A23312-63DA-4E0C-9519-48D56984AB6B}.Release|iPhone.Deploy.0 = Release|Any CPU
		{F9A23312-63DA-4E0C-9519-48D56984AB6B}.Release|iPhoneSimulator.ActiveCfg = Release|Any CPU
		{F9A23312-63DA-4E0C-9519-48D56984AB6B}.Release|iPhoneSimulator.Build.0 = Release|Any CPU
		{F9A23312-63DA-4E0C-9519-48D56984AB6B}.Release|iPhoneSimulator.Deploy.0 = Release|Any CPU
		{F9A23312-63DA-4E0C-9519-48D56984AB6B}.Release|x64.ActiveCfg = Release|Any CPU
		{F9A23312-63DA-4E0C-9519-48D56984AB6B}.Release|x64.Build.0 = Release|Any CPU
		{F9A23312-63DA-4E0C-9519-48D56984AB6B}.Release|x64.Deploy.0 = Release|Any CPU
		{F9A23312-63DA-4E0C-9519-48D56984AB6B}.Release|x86.ActiveCfg = Release|Any CPU
		{F9A23312-63DA-4E0C-9519-48D56984AB6B}.Release|x86.Build.0 = Release|Any CPU
		{F9A23312-63DA-4E0C-9519-48D56984AB6B}.Release|x86.Deploy.0 = Release|Any CPU
	EndGlobalSection
	GlobalSection(SolutionProperties) = preSolution
		HideSolutionNode = FALSE
	EndGlobalSection
	GlobalSection(ExtensibilityGlobals) = postSolution
		SolutionGuid = {68C81BFF-F68D-4252-B8F8-3AB2C64E21B6}
	EndGlobalSection
EndGlobal
